PODS:
  - VTComponents (2.0.38)

DEPENDENCIES:
  - VTComponents

SPEC REPOS:
  https://git.csez.zohocorpin.com/vtouchzoho/vtouchpodspecs.git:
    - VTComponents

SPEC CHECKSUMS:
  VTComponents: 369616dec2d3c6d2a85b7a512102e8902f9b4ec5

PODFILE CHECKSUM: 2af7635767baabdc9886ee10be7df6531855c3f1

COCOAPODS: 1.11.3
